lockfile_version: '1'
generated_at: '2026-07-04T12:26:45.674953+00:00'
apm_version: 0.18.0
dependencies:
- repo_url: mattpocock/skills
  host: github.com
  resolved_commit: 272f99b22574f50e4266791c86b9302682970e23
  resolved_ref: main
  virtual_path: skills/engineering/grill-with-docs
  is_virtual: true
  package_type: claude_skill
  deployed_files:
  - .agents/skills/grill-with-docs
  - .claude/skills/grill-with-docs
  content_hash: sha256:e7ef25bbee50cda2eb7b3a8ef541db0a0396dad7d369f7d14fb610671dd1864b
- repo_url: mattpocock/skills
  host: github.com
  resolved_commit: 272f99b22574f50e4266791c86b9302682970e23
  resolved_ref: main
  virtual_path: skills/engineering/tdd
  is_virtual: true
  package_type: claude_skill
  deployed_files:
  - .agents/skills/tdd
  - .claude/skills/tdd
  content_hash: sha256:a97c290e9e05c74d6e936745b325a1585e0f5352bf46a595b65f7b24a57ad855
- repo_url: mattpocock/skills
  host: github.com
  resolved_commit: 272f99b22574f50e4266791c86b9302682970e23
  resolved_ref: main
  virtual_path: skills/productivity/grill-me
  is_virtual: true
  package_type: claude_skill
  deployed_files:
  - .agents/skills/grill-me
  - .claude/skills/grill-me
  content_hash: sha256:f321507f77702a54af1db66549ec1685fc625390d06c57d7949cdcda8eb1b5c7
