lockfile_version: '1'
generated_at: '2026-07-18T06:55:33.059911+00:00'
apm_version: 0.25.0
dependencies:
- repo_url: mattpocock/skills
  name: skills
  host: github.com
  resolved_commit: 9603c1cc8118d08bc1b3bf34cf714f62178dea3b
  resolved_ref: main
  version: unknown
  virtual_path: skills/engineering/grill-with-docs
  is_virtual: true
  package_type: claude_skill
  deployed_files:
  - .agents/skills/grill-with-docs
  - .agents/skills/grill-with-docs/SKILL.md
  - .agents/skills/grill-with-docs/agents/openai.yaml
  - .claude/skills/grill-with-docs
  - .claude/skills/grill-with-docs/SKILL.md
  - .claude/skills/grill-with-docs/agents/openai.yaml
  - .kiro/skills/grill-with-docs
  - .kiro/skills/grill-with-docs/SKILL.md
  - .kiro/skills/grill-with-docs/agents/openai.yaml
  deployed_file_hashes:
    .agents/skills/grill-with-docs/SKILL.md: sha256:610d091047bcfb9db0f75c057d15538481a721111579fc5ec7f83ad9131a2165
    .agents/skills/grill-with-docs/agents/openai.yaml: sha256:94cd0ab161fb468a836349f5ed482ba58ce8e709a05c57ce533d739dbd35cca9
    .claude/skills/grill-with-docs/SKILL.md: sha256:610d091047bcfb9db0f75c057d15538481a721111579fc5ec7f83ad9131a2165
    .claude/skills/grill-with-docs/agents/openai.yaml: sha256:94cd0ab161fb468a836349f5ed482ba58ce8e709a05c57ce533d739dbd35cca9
    .kiro/skills/grill-with-docs/SKILL.md: sha256:610d091047bcfb9db0f75c057d15538481a721111579fc5ec7f83ad9131a2165
    .kiro/skills/grill-with-docs/agents/openai.yaml: sha256:94cd0ab161fb468a836349f5ed482ba58ce8e709a05c57ce533d739dbd35cca9
  content_hash: sha256:c3a266bcc09eab29358eaae6e288f9a2cd492fd0af2bcaeeec55fd6207da9a89
- repo_url: mattpocock/skills
  name: skills
  host: github.com
  resolved_commit: 9603c1cc8118d08bc1b3bf34cf714f62178dea3b
  resolved_ref: main
  version: unknown
  virtual_path: skills/engineering/tdd
  is_virtual: true
  package_type: claude_skill
  deployed_files:
  - .agents/skills/tdd
  - .agents/skills/tdd/SKILL.md
  - .agents/skills/tdd/agents/openai.yaml
  - .agents/skills/tdd/mocking.md
  - .agents/skills/tdd/tests.md
  - .claude/skills/tdd
  - .claude/skills/tdd/SKILL.md
  - .claude/skills/tdd/agents/openai.yaml
  - .claude/skills/tdd/mocking.md
  - .claude/skills/tdd/tests.md
  - .kiro/skills/tdd
  - .kiro/skills/tdd/SKILL.md
  - .kiro/skills/tdd/agents/openai.yaml
  - .kiro/skills/tdd/mocking.md
  - .kiro/skills/tdd/tests.md
  deployed_file_hashes:
    .agents/skills/tdd/SKILL.md: sha256:5363bb2775679fe9311fbb67947f95359169c6e7f1fac77c0f25e190bca6cf2f
    .agents/skills/tdd/agents/openai.yaml: sha256:ea6f01cf1b8c06a4b0f5b649d74b1b8ce8685e72af1b38d70d877693e092af0b
    .agents/skills/tdd/mocking.md: sha256:3ceb807fdf4a47d6a93d4d9a891e5ba6d362a6247bd08adc451feebfc17361ef
    .agents/skills/tdd/tests.md: sha256:859f9e592c188fda4fc7277dd180e4ce9c7a2e13f6efe1f6f29eccc9d28c106a
    .claude/skills/tdd/SKILL.md: sha256:5363bb2775679fe9311fbb67947f95359169c6e7f1fac77c0f25e190bca6cf2f
    .claude/skills/tdd/agents/openai.yaml: sha256:ea6f01cf1b8c06a4b0f5b649d74b1b8ce8685e72af1b38d70d877693e092af0b
    .claude/skills/tdd/mocking.md: sha256:3ceb807fdf4a47d6a93d4d9a891e5ba6d362a6247bd08adc451feebfc17361ef
    .claude/skills/tdd/tests.md: sha256:859f9e592c188fda4fc7277dd180e4ce9c7a2e13f6efe1f6f29eccc9d28c106a
    .kiro/skills/tdd/SKILL.md: sha256:5363bb2775679fe9311fbb67947f95359169c6e7f1fac77c0f25e190bca6cf2f
    .kiro/skills/tdd/agents/openai.yaml: sha256:ea6f01cf1b8c06a4b0f5b649d74b1b8ce8685e72af1b38d70d877693e092af0b
    .kiro/skills/tdd/mocking.md: sha256:3ceb807fdf4a47d6a93d4d9a891e5ba6d362a6247bd08adc451feebfc17361ef
    .kiro/skills/tdd/tests.md: sha256:859f9e592c188fda4fc7277dd180e4ce9c7a2e13f6efe1f6f29eccc9d28c106a
  content_hash: sha256:f8a22902156d595540b198ee06c0ca793a67935eeb9b681df5dbdf0e193b286e
- repo_url: mattpocock/skills
  name: skills
  host: github.com
  resolved_commit: 9603c1cc8118d08bc1b3bf34cf714f62178dea3b
  resolved_ref: main
  version: unknown
  virtual_path: skills/productivity/grill-me
  is_virtual: true
  package_type: claude_skill
  deployed_files:
  - .agents/skills/grill-me
  - .agents/skills/grill-me/SKILL.md
  - .agents/skills/grill-me/agents/openai.yaml
  - .claude/skills/grill-me
  - .claude/skills/grill-me/SKILL.md
  - .claude/skills/grill-me/agents/openai.yaml
  - .kiro/skills/grill-me
  - .kiro/skills/grill-me/SKILL.md
  - .kiro/skills/grill-me/agents/openai.yaml
  deployed_file_hashes:
    .agents/skills/grill-me/SKILL.md: sha256:6189dfceb7304a6e5558f75d87e68fa3bc7fcf7ba120e44f21f8a61fe01eba54
    .agents/skills/grill-me/agents/openai.yaml: sha256:c061e39c3e0f9d865fb1b97556d485704af2a8a58f4b8221a8917a5c2074a32b
    .claude/skills/grill-me/SKILL.md: sha256:6189dfceb7304a6e5558f75d87e68fa3bc7fcf7ba120e44f21f8a61fe01eba54
    .claude/skills/grill-me/agents/openai.yaml: sha256:c061e39c3e0f9d865fb1b97556d485704af2a8a58f4b8221a8917a5c2074a32b
    .kiro/skills/grill-me/SKILL.md: sha256:6189dfceb7304a6e5558f75d87e68fa3bc7fcf7ba120e44f21f8a61fe01eba54
    .kiro/skills/grill-me/agents/openai.yaml: sha256:c061e39c3e0f9d865fb1b97556d485704af2a8a58f4b8221a8917a5c2074a32b
  content_hash: sha256:0ac1a28d5e7ab05c4a51046c9d74fd7bfc070ba6a3b9ec8451bd274e746d67b6
deployments:
- kind: project-relative
  target: agents
  value: .agents/skills/grill-me
  runtime: null
  scope: project
  owners:
  - mattpocock/skills/skills/productivity/grill-me
  active_owner: mattpocock/skills/skills/productivity/grill-me
  content_hash: null
- kind: project-relative
  target: agents
  value: .agents/skills/grill-me/SKILL.md
  runtime: null
  scope: project
  owners:
  - mattpocock/skills/skills/productivity/grill-me
  active_owner: mattpocock/skills/skills/productivity/grill-me
  content_hash: sha256:6189dfceb7304a6e5558f75d87e68fa3bc7fcf7ba120e44f21f8a61fe01eba54
- kind: project-relative
  target: agents
  value: .agents/skills/grill-me/agents/openai.yaml
  runtime: null
  scope: project
  owners:
  - mattpocock/skills/skills/productivity/grill-me
  active_owner: mattpocock/skills/skills/productivity/grill-me
  content_hash: sha256:c061e39c3e0f9d865fb1b97556d485704af2a8a58f4b8221a8917a5c2074a32b
- kind: project-relative
  target: agents
  value: .agents/skills/grill-with-docs
  runtime: null
  scope: project
  owners:
  - mattpocock/skills/skills/engineering/grill-with-docs
  active_owner: mattpocock/skills/skills/engineering/grill-with-docs
  content_hash: null
- kind: project-relative
  target: agents
  value: .agents/skills/grill-with-docs/SKILL.md
  runtime: null
  scope: project
  owners:
  - mattpocock/skills/skills/engineering/grill-with-docs
  active_owner: mattpocock/skills/skills/engineering/grill-with-docs
  content_hash: sha256:610d091047bcfb9db0f75c057d15538481a721111579fc5ec7f83ad9131a2165
- kind: project-relative
  target: agents
  value: .agents/skills/grill-with-docs/agents/openai.yaml
  runtime: null
  scope: project
  owners:
  - mattpocock/skills/skills/engineering/grill-with-docs
  active_owner: mattpocock/skills/skills/engineering/grill-with-docs
  content_hash: sha256:94cd0ab161fb468a836349f5ed482ba58ce8e709a05c57ce533d739dbd35cca9
- kind: project-relative
  target: agents
  value: .agents/skills/tdd
  runtime: null
  scope: project
  owners:
  - mattpocock/skills/skills/engineering/tdd
  active_owner: mattpocock/skills/skills/engineering/tdd
  content_hash: null
- kind: project-relative
  target: agents
  value: .agents/skills/tdd/SKILL.md
  runtime: null
  scope: project
  owners:
  - mattpocock/skills/skills/engineering/tdd
  active_owner: mattpocock/skills/skills/engineering/tdd
  content_hash: sha256:5363bb2775679fe9311fbb67947f95359169c6e7f1fac77c0f25e190bca6cf2f
- kind: project-relative
  target: agents
  value: .agents/skills/tdd/agents/openai.yaml
  runtime: null
  scope: project
  owners:
  - mattpocock/skills/skills/engineering/tdd
  active_owner: mattpocock/skills/skills/engineering/tdd
  content_hash: sha256:ea6f01cf1b8c06a4b0f5b649d74b1b8ce8685e72af1b38d70d877693e092af0b
- kind: project-relative
  target: agents
  value: .agents/skills/tdd/mocking.md
  runtime: null
  scope: project
  owners:
  - mattpocock/skills/skills/engineering/tdd
  active_owner: mattpocock/skills/skills/engineering/tdd
  content_hash: sha256:3ceb807fdf4a47d6a93d4d9a891e5ba6d362a6247bd08adc451feebfc17361ef
- kind: project-relative
  target: agents
  value: .agents/skills/tdd/tests.md
  runtime: null
  scope: project
  owners:
  - mattpocock/skills/skills/engineering/tdd
  active_owner: mattpocock/skills/skills/engineering/tdd
  content_hash: sha256:859f9e592c188fda4fc7277dd180e4ce9c7a2e13f6efe1f6f29eccc9d28c106a
- kind: project-relative
  target: claude
  value: .claude/skills/grill-me
  runtime: null
  scope: project
  owners:
  - mattpocock/skills/skills/productivity/grill-me
  active_owner: mattpocock/skills/skills/productivity/grill-me
  content_hash: null
- kind: project-relative
  target: claude
  value: .claude/skills/grill-me/SKILL.md
  runtime: null
  scope: project
  owners:
  - mattpocock/skills/skills/productivity/grill-me
  active_owner: mattpocock/skills/skills/productivity/grill-me
  content_hash: sha256:6189dfceb7304a6e5558f75d87e68fa3bc7fcf7ba120e44f21f8a61fe01eba54
- kind: project-relative
  target: claude
  value: .claude/skills/grill-me/agents/openai.yaml
  runtime: null
  scope: project
  owners:
  - mattpocock/skills/skills/productivity/grill-me
  active_owner: mattpocock/skills/skills/productivity/grill-me
  content_hash: sha256:c061e39c3e0f9d865fb1b97556d485704af2a8a58f4b8221a8917a5c2074a32b
- kind: project-relative
  target: claude
  value: .claude/skills/grill-with-docs
  runtime: null
  scope: project
  owners:
  - mattpocock/skills/skills/engineering/grill-with-docs
  active_owner: mattpocock/skills/skills/engineering/grill-with-docs
  content_hash: null
- kind: project-relative
  target: claude
  value: .claude/skills/grill-with-docs/SKILL.md
  runtime: null
  scope: project
  owners:
  - mattpocock/skills/skills/engineering/grill-with-docs
  active_owner: mattpocock/skills/skills/engineering/grill-with-docs
  content_hash: sha256:610d091047bcfb9db0f75c057d15538481a721111579fc5ec7f83ad9131a2165
- kind: project-relative
  target: claude
  value: .claude/skills/grill-with-docs/agents/openai.yaml
  runtime: null
  scope: project
  owners:
  - mattpocock/skills/skills/engineering/grill-with-docs
  active_owner: mattpocock/skills/skills/engineering/grill-with-docs
  content_hash: sha256:94cd0ab161fb468a836349f5ed482ba58ce8e709a05c57ce533d739dbd35cca9
- kind: project-relative
  target: claude
  value: .claude/skills/tdd
  runtime: null
  scope: project
  owners:
  - mattpocock/skills/skills/engineering/tdd
  active_owner: mattpocock/skills/skills/engineering/tdd
  content_hash: null
- kind: project-relative
  target: claude
  value: .claude/skills/tdd/SKILL.md
  runtime: null
  scope: project
  owners:
  - mattpocock/skills/skills/engineering/tdd
  active_owner: mattpocock/skills/skills/engineering/tdd
  content_hash: sha256:5363bb2775679fe9311fbb67947f95359169c6e7f1fac77c0f25e190bca6cf2f
- kind: project-relative
  target: claude
  value: .claude/skills/tdd/agents/openai.yaml
  runtime: null
  scope: project
  owners:
  - mattpocock/skills/skills/engineering/tdd
  active_owner: mattpocock/skills/skills/engineering/tdd
  content_hash: sha256:ea6f01cf1b8c06a4b0f5b649d74b1b8ce8685e72af1b38d70d877693e092af0b
- kind: project-relative
  target: claude
  value: .claude/skills/tdd/mocking.md
  runtime: null
  scope: project
  owners:
  - mattpocock/skills/skills/engineering/tdd
  active_owner: mattpocock/skills/skills/engineering/tdd
  content_hash: sha256:3ceb807fdf4a47d6a93d4d9a891e5ba6d362a6247bd08adc451feebfc17361ef
- kind: project-relative
  target: claude
  value: .claude/skills/tdd/tests.md
  runtime: null
  scope: project
  owners:
  - mattpocock/skills/skills/engineering/tdd
  active_owner: mattpocock/skills/skills/engineering/tdd
  content_hash: sha256:859f9e592c188fda4fc7277dd180e4ce9c7a2e13f6efe1f6f29eccc9d28c106a
- kind: project-relative
  target: kiro
  value: .kiro/skills/grill-me
  runtime: null
  scope: project
  owners:
  - mattpocock/skills/skills/productivity/grill-me
  active_owner: mattpocock/skills/skills/productivity/grill-me
  content_hash: null
- kind: project-relative
  target: kiro
  value: .kiro/skills/grill-me/SKILL.md
  runtime: null
  scope: project
  owners:
  - mattpocock/skills/skills/productivity/grill-me
  active_owner: mattpocock/skills/skills/productivity/grill-me
  content_hash: sha256:6189dfceb7304a6e5558f75d87e68fa3bc7fcf7ba120e44f21f8a61fe01eba54
- kind: project-relative
  target: kiro
  value: .kiro/skills/grill-me/agents/openai.yaml
  runtime: null
  scope: project
  owners:
  - mattpocock/skills/skills/productivity/grill-me
  active_owner: mattpocock/skills/skills/productivity/grill-me
  content_hash: sha256:c061e39c3e0f9d865fb1b97556d485704af2a8a58f4b8221a8917a5c2074a32b
- kind: project-relative
  target: kiro
  value: .kiro/skills/grill-with-docs
  runtime: null
  scope: project
  owners:
  - mattpocock/skills/skills/engineering/grill-with-docs
  active_owner: mattpocock/skills/skills/engineering/grill-with-docs
  content_hash: null
- kind: project-relative
  target: kiro
  value: .kiro/skills/grill-with-docs/SKILL.md
  runtime: null
  scope: project
  owners:
  - mattpocock/skills/skills/engineering/grill-with-docs
  active_owner: mattpocock/skills/skills/engineering/grill-with-docs
  content_hash: sha256:610d091047bcfb9db0f75c057d15538481a721111579fc5ec7f83ad9131a2165
- kind: project-relative
  target: kiro
  value: .kiro/skills/grill-with-docs/agents/openai.yaml
  runtime: null
  scope: project
  owners:
  - mattpocock/skills/skills/engineering/grill-with-docs
  active_owner: mattpocock/skills/skills/engineering/grill-with-docs
  content_hash: sha256:94cd0ab161fb468a836349f5ed482ba58ce8e709a05c57ce533d739dbd35cca9
- kind: project-relative
  target: kiro
  value: .kiro/skills/tdd
  runtime: null
  scope: project
  owners:
  - mattpocock/skills/skills/engineering/tdd
  active_owner: mattpocock/skills/skills/engineering/tdd
  content_hash: null
- kind: project-relative
  target: kiro
  value: .kiro/skills/tdd/SKILL.md
  runtime: null
  scope: project
  owners:
  - mattpocock/skills/skills/engineering/tdd
  active_owner: mattpocock/skills/skills/engineering/tdd
  content_hash: sha256:5363bb2775679fe9311fbb67947f95359169c6e7f1fac77c0f25e190bca6cf2f
- kind: project-relative
  target: kiro
  value: .kiro/skills/tdd/agents/openai.yaml
  runtime: null
  scope: project
  owners:
  - mattpocock/skills/skills/engineering/tdd
  active_owner: mattpocock/skills/skills/engineering/tdd
  content_hash: sha256:ea6f01cf1b8c06a4b0f5b649d74b1b8ce8685e72af1b38d70d877693e092af0b
- kind: project-relative
  target: kiro
  value: .kiro/skills/tdd/mocking.md
  runtime: null
  scope: project
  owners:
  - mattpocock/skills/skills/engineering/tdd
  active_owner: mattpocock/skills/skills/engineering/tdd
  content_hash: sha256:3ceb807fdf4a47d6a93d4d9a891e5ba6d362a6247bd08adc451feebfc17361ef
- kind: project-relative
  target: kiro
  value: .kiro/skills/tdd/tests.md
  runtime: null
  scope: project
  owners:
  - mattpocock/skills/skills/engineering/tdd
  active_owner: mattpocock/skills/skills/engineering/tdd
  content_hash: sha256:859f9e592c188fda4fc7277dd180e4ce9c7a2e13f6efe1f6f29eccc9d28c106a
